
Microsoft Visual Studio Solution File, Format Version 12.00
# Visual Studio Version 16
VisualStudioVersion = 16.0.31424.327
MinimumVisualStudioVersion = 10.0.40219.1
Project("{FAE04EC0-301F-11D3-BF4B-00C04F79EFBC}") = "QuanLyCaPheWinform", "QuanLyCaPheWinform\QuanLyCaPheWinform.csproj", "{B41FB0EE-B552-4799-8C58-AA537DFF8FE6}"
EndProject
Global
	GlobalSection(SolutionConfigurationPlatforms) = preSolution
		Debug|Any CPU = Debug|Any CPU
		Release|Any CPU = Release|Any CPU
	EndGlobalSection
	GlobalSection(ProjectConfigurationPlatforms) = postSolution
		{B41FB0EE-B552-4799-8C58-AA537DFF8FE6}.Debug|Any CPU.ActiveCfg = Debug|Any CPU
		{B41FB0EE-B552-4799-8C58-AA537DFF8FE6}.Debug|Any CPU.Build.0 = Debug|Any CPU
		{B41FB0EE-B552-4799-8C58-AA537DFF8FE6}.Release|Any CPU.ActiveCfg = Release|Any CPU
		{B41FB0EE-B552-4799-8C58-AA537DFF8FE6}.Release|Any CPU.Build.0 = Release|Any CPU
	EndGlobalSection
	GlobalSection(SolutionProperties) = preSolution
		HideSolutionNode = FALSE
	EndGlobalSection
	GlobalSection(ExtensibilityGlobals) = postSolution
		SolutionGuid = {B01573DB-89BB-4B95-A23B-67AB3280D4BC}
	EndGlobalSection
EndGlobal
